# This file is automatically @generated by Cargo.
# It is not intended for manual editing.
version = 3

[[package]]
name = "cc"
version = "1.0.79"
source = "registry+https://github.com/rust-lang/crates.io-index"
checksum = "50d30906286121d95be3d479533b458f87493b30a4b5f79a607db8f5d11aa91f"

[[package]]
name = "dmesg"
version = "0.1.0"

[[package]]
name = "fdisk"
version = "0.1.0"
dependencies = [
 "libc",
 "utils",
]

[[package]]
name = "insmod"
version = "0.1.0"
dependencies = [
 "utils",
]

[[package]]
name = "libc"
version = "0.2.146"
source = "registry+https://github.com/rust-lang/crates.io-index"
checksum = "f92be4933c13fd498862a9e02a3055f8a8d9c039ce33db97306fd5a6caa7f29b"

[[package]]
name = "login"
version = "0.1.0"
dependencies = [
 "utils",
]

[[package]]
name = "lsmod"
version = "0.1.0"

[[package]]
name = "mkfs"
version = "0.1.0"
dependencies = [
 "utils",
]

[[package]]
name = "mount"
version = "0.1.0"

[[package]]
name = "nologin"
version = "0.1.0"

[[package]]
name = "powerctl"
version = "0.1.0"
dependencies = [
 "utils",
]

[[package]]
name = "ps"
version = "0.1.0"
dependencies = [
 "utils",
]

[[package]]
name = "rmmod"
version = "0.1.0"
dependencies = [
 "utils",
]

[[package]]
name = "su"
version = "0.1.0"
dependencies = [
 "utils",
]

[[package]]
name = "umount"
version = "0.1.0"

[[package]]
name = "usrgrp"
version = "0.1.0"

[[package]]
name = "utils"
version = "0.1.0"
dependencies = [
 "cc",
 "libc",
]
